
Microsoft Visual Studio Solution File, Format Version 12.00
# Visual Studio Version 17
VisualStudioVersion = 17.7.34031.279
MinimumVisualStudioVersion = 10.0.40219.1
Project("{FAE04EC0-301F-11D3-BF4B-00C04F79EFBC}") = "newweek", "newweek\newweek.csproj", "{F9028193-9CEF-4835-A3CE-4C1A4587B257}"
EndProject
Global
	GlobalSection(SolutionConfigurationPlatforms) = preSolution
		Debug|Any CPU = Debug|Any CPU
		Release|Any CPU = Release|Any CPU
	EndGlobalSection
	GlobalSection(ProjectConfigurationPlatforms) = postSolution
		{F9028193-9CEF-4835-A3CE-4C1A4587B257}.Debug|Any CPU.ActiveCfg = Debug|Any CPU
		{F9028193-9CEF-4835-A3CE-4C1A4587B257}.Debug|Any CPU.Build.0 = Debug|Any CPU
		{F9028193-9CEF-4835-A3CE-4C1A4587B257}.Release|Any CPU.ActiveCfg = Release|Any CPU
		{F9028193-9CEF-4835-A3CE-4C1A4587B257}.Release|Any CPU.Build.0 = Release|Any CPU
	EndGlobalSection
	GlobalSection(SolutionProperties) = preSolution
		HideSolutionNode = FALSE
	EndGlobalSection
	GlobalSection(ExtensibilityGlobals) = postSolution
		SolutionGuid = {C085779C-81E0-49E7-8FD1-292D49BCFB75}
	EndGlobalSection
EndGlobal
