
Microsoft Visual Studio Solution File, Format Version 12.00
# Visual Studio Version 17
VisualStudioVersion = 17.7.34031.279
MinimumVisualStudioVersion = 10.0.40219.1
Project("{FAE04EC0-301F-11D3-BF4B-00C04F79EFBC}") = "ProniaBackendlahiye", "ProniaBackendlahiye\ProniaBackendlahiye.csproj", "{D729FB76-43C7-49E5-88A8-738A4C804C7A}"
EndProject
Global
	GlobalSection(SolutionConfigurationPlatforms) = preSolution
		Debug|Any CPU = Debug|Any CPU
		Release|Any CPU = Release|Any CPU
	EndGlobalSection
	GlobalSection(ProjectConfigurationPlatforms) = postSolution
		{D729FB76-43C7-49E5-88A8-738A4C804C7A}.Debug|Any CPU.ActiveCfg = Debug|Any CPU
		{D729FB76-43C7-49E5-88A8-738A4C804C7A}.Debug|Any CPU.Build.0 = Debug|Any CPU
		{D729FB76-43C7-49E5-88A8-738A4C804C7A}.Release|Any CPU.ActiveCfg = Release|Any CPU
		{D729FB76-43C7-49E5-88A8-738A4C804C7A}.Release|Any CPU.Build.0 = Release|Any CPU
	EndGlobalSection
	GlobalSection(SolutionProperties) = preSolution
		HideSolutionNode = FALSE
	EndGlobalSection
	GlobalSection(ExtensibilityGlobals) = postSolution
		SolutionGuid = {3BE99792-B574-4444-B468-D7BEFA8F6A79}
	EndGlobalSection
EndGlobal
